
Microsoft Visual Studio Solution File, Format Version 12.00
Project("{FAE04EC0-301F-11D3-BF4B-00C04F79EFBC}") = "DevMinersBBModules", "DevMinersBBModules\DevMinersBBModules.csproj", "{86FB53A0-71F2-4539-AE9B-D97B1FCE40BE}"
EndProject
Global
	GlobalSection(SolutionConfigurationPlatforms) = preSolution
		Debug|Any CPU = Debug|Any CPU
		Release|Any CPU = Release|Any CPU
	EndGlobalSection
	GlobalSection(ProjectConfigurationPlatforms) = postSolution
		{86FB53A0-71F2-4539-AE9B-D97B1FCE40BE}.Debug|Any CPU.ActiveCfg = Debug|Any CPU
		{86FB53A0-71F2-4539-AE9B-D97B1FCE40BE}.Debug|Any CPU.Build.0 = Debug|Any CPU
		{86FB53A0-71F2-4539-AE9B-D97B1FCE40BE}.Release|Any CPU.ActiveCfg = Release|Any CPU
		{86FB53A0-71F2-4539-AE9B-D97B1FCE40BE}.Release|Any CPU.Build.0 = Release|Any CPU
	EndGlobalSection
EndGlobal
